
Microsoft Visual Studio Solution File, Format Version 12.00
# Visual Studio Version 16
VisualStudioVersion = 16.0.30804.86
MinimumVisualStudioVersion = 10.0.40219.1
Project("{9A19103F-16F7-4668-BE54-9A1E7A4F7556}") = "1.3", "1.3\1.3.csproj", "{14C8EFC9-DBAA-42E5-8F40-AF42EBF6A32D}"
EndProject
Project("{9A19103F-16F7-4668-BE54-9A1E7A4F7556}") = "2.1", "2.1\2.1.csproj", "{5D6C73E6-3BE2-40ED-AE07-4A4C0D5E675F}"
EndProject
Project("{9A19103F-16F7-4668-BE54-9A1E7A4F7556}") = "2.2", "2.2\2.2.csproj", "{4257CD36-586F-4BE0-8911-C0077D3645B3}"
EndProject
Project("{9A19103F-16F7-4668-BE54-9A1E7A4F7556}") = "2.3", "2.3\2.3.csproj", "{75479B5F-1E8F-4627-B013-47803A4CA349}"
EndProject
Project("{9A19103F-16F7-4668-BE54-9A1E7A4F7556}") = "2.5", "2.5\2.5.csproj", "{7F592119-BB61-41C8-823B-5738B1F0A27C}"
EndProject
Project("{9A19103F-16F7-4668-BE54-9A1E7A4F7556}") = "2.6", "2.6\2.6.csproj", "{88337FBC-B679-4119-9A54-8A5ED207EB10}"
EndProject
Project("{9A19103F-16F7-4668-BE54-9A1E7A4F7556}") = "3.2", "3.2\3.2.csproj", "{2ADFCBD8-0F17-4D8D-BC02-34E68D59F7D4}"
EndProject
Project("{9A19103F-16F7-4668-BE54-9A1E7A4F7556}") = "3.5", "3.5\3.5.csproj", "{E2DA4081-4DE2-487F-9BAA-D8A52DE86629}"
EndProject
Project("{9A19103F-16F7-4668-BE54-9A1E7A4F7556}") = "3.6", "3.6\3.6.csproj", "{A8088ACB-A8FD-4F36-873F-CB35671158DA}"
EndProject
Project("{9A19103F-16F7-4668-BE54-9A1E7A4F7556}") = "4.2", "4.2\4.2.csproj", "{60A2D32D-9809-42EF-938A-D5088C72A886}"
EndProject
Project("{2150E333-8FDC-42A3-9474-1A3956D46DE8}") = "Solution Items", "Solution Items", "{CE3D73EA-E320-419D-AD95-AC05E3A95507}"
	ProjectSection(SolutionItems) = preProject
		1.3.sql = 1.3.sql
	EndProjectSection
EndProject
Global
	GlobalSection(SolutionConfigurationPlatforms) = preSolution
		Debug|Any CPU = Debug|Any CPU
		Release|Any CPU = Release|Any CPU
	EndGlobalSection
	GlobalSection(ProjectConfigurationPlatforms) = postSolution
		{14C8EFC9-DBAA-42E5-8F40-AF42EBF6A32D}.Debug|Any CPU.ActiveCfg = Debug|Any CPU
		{14C8EFC9-DBAA-42E5-8F40-AF42EBF6A32D}.Debug|Any CPU.Build.0 = Debug|Any CPU
		{14C8EFC9-DBAA-42E5-8F40-AF42EBF6A32D}.Release|Any CPU.ActiveCfg = Release|Any CPU
		{14C8EFC9-DBAA-42E5-8F40-AF42EBF6A32D}.Release|Any CPU.Build.0 = Release|Any CPU
		{5D6C73E6-3BE2-40ED-AE07-4A4C0D5E675F}.Debug|Any CPU.ActiveCfg = Debug|Any CPU
		{5D6C73E6-3BE2-40ED-AE07-4A4C0D5E675F}.Debug|Any CPU.Build.0 = Debug|Any CPU
		{5D6C73E6-3BE2-40ED-AE07-4A4C0D5E675F}.Release|Any CPU.ActiveCfg = Release|Any CPU
		{5D6C73E6-3BE2-40ED-AE07-4A4C0D5E675F}.Release|Any CPU.Build.0 = Release|Any CPU
		{4257CD36-586F-4BE0-8911-C0077D3645B3}.Debug|Any CPU.ActiveCfg = Debug|Any CPU
		{4257CD36-586F-4BE0-8911-C0077D3645B3}.Debug|Any CPU.Build.0 = Debug|Any CPU
		{4257CD36-586F-4BE0-8911-C0077D3645B3}.Release|Any CPU.ActiveCfg = Release|Any CPU
		{4257CD36-586F-4BE0-8911-C0077D3645B3}.Release|Any CPU.Build.0 = Release|Any CPU
		{75479B5F-1E8F-4627-B013-47803A4CA349}.Debug|Any CPU.ActiveCfg = Debug|Any CPU
		{75479B5F-1E8F-4627-B013-47803A4CA349}.Debug|Any CPU.Build.0 = Debug|Any CPU
		{75479B5F-1E8F-4627-B013-47803A4CA349}.Release|Any CPU.ActiveCfg = Release|Any CPU
		{75479B5F-1E8F-4627-B013-47803A4CA349}.Release|Any CPU.Build.0 = Release|Any CPU
		{7F592119-BB61-41C8-823B-5738B1F0A27C}.Debug|Any CPU.ActiveCfg = Debug|Any CPU
		{7F592119-BB61-41C8-823B-5738B1F0A27C}.Debug|Any CPU.Build.0 = Debug|Any CPU
		{7F592119-BB61-41C8-823B-5738B1F0A27C}.Release|Any CPU.ActiveCfg = Release|Any CPU
		{7F592119-BB61-41C8-823B-5738B1F0A27C}.Release|Any CPU.Build.0 = Release|Any CPU
		{88337FBC-B679-4119-9A54-8A5ED207EB10}.Debug|Any CPU.ActiveCfg = Debug|Any CPU
		{88337FBC-B679-4119-9A54-8A5ED207EB10}.Debug|Any CPU.Build.0 = Debug|Any CPU
		{88337FBC-B679-4119-9A54-8A5ED207EB10}.Release|Any CPU.ActiveCfg = Release|Any CPU
		{88337FBC-B679-4119-9A54-8A5ED207EB10}.Release|Any CPU.Build.0 = Release|Any CPU
		{2ADFCBD8-0F17-4D8D-BC02-34E68D59F7D4}.Debug|Any CPU.ActiveCfg = Debug|Any CPU
		{2ADFCBD8-0F17-4D8D-BC02-34E68D59F7D4}.Debug|Any CPU.Build.0 = Debug|Any CPU
		{2ADFCBD8-0F17-4D8D-BC02-34E68D59F7D4}.Release|Any CPU.ActiveCfg = Release|Any CPU
		{2ADFCBD8-0F17-4D8D-BC02-34E68D59F7D4}.Release|Any CPU.Build.0 = Release|Any CPU
		{E2DA4081-4DE2-487F-9BAA-D8A52DE86629}.Debug|Any CPU.ActiveCfg = Debug|Any CPU
		{E2DA4081-4DE2-487F-9BAA-D8A52DE86629}.Debug|Any CPU.Build.0 = Debug|Any CPU
		{E2DA4081-4DE2-487F-9BAA-D8A52DE86629}.Release|Any CPU.ActiveCfg = Release|Any CPU
		{E2DA4081-4DE2-487F-9BAA-D8A52DE86629}.Release|Any CPU.Build.0 = Release|Any CPU
		{A8088ACB-A8FD-4F36-873F-CB35671158DA}.Debug|Any CPU.ActiveCfg = Debug|Any CPU
		{A8088ACB-A8FD-4F36-873F-CB35671158DA}.Debug|Any CPU.Build.0 = Debug|Any CPU
		{A8088ACB-A8FD-4F36-873F-CB35671158DA}.Release|Any CPU.ActiveCfg = Release|Any CPU
		{A8088ACB-A8FD-4F36-873F-CB35671158DA}.Release|Any CPU.Build.0 = Release|Any CPU
		{60A2D32D-9809-42EF-938A-D5088C72A886}.Debug|Any CPU.ActiveCfg = Debug|Any CPU
		{60A2D32D-9809-42EF-938A-D5088C72A886}.Debug|Any CPU.Build.0 = Debug|Any CPU
		{60A2D32D-9809-42EF-938A-D5088C72A886}.Release|Any CPU.ActiveCfg = Release|Any CPU
		{60A2D32D-9809-42EF-938A-D5088C72A886}.Release|Any CPU.Build.0 = Release|Any CPU
	EndGlobalSection
	GlobalSection(SolutionProperties) = preSolution
		HideSolutionNode = FALSE
	EndGlobalSection
	GlobalSection(ExtensibilityGlobals) = postSolution
		SolutionGuid = {C999571F-5E94-4675-BF9D-52EC0132D6AE}
	EndGlobalSection
EndGlobal
